[[package]]
category = "main"
description = "The AWS SDK for Python"
name = "boto3"
optional = false
python-versions = "*"
version = "1.12.28"

[package.dependencies]
botocore = ">=1.15.28,<1.16.0"
jmespath = ">=0.7.1,<1.0.0"
s3transfer = ">=0.3.0,<0.4.0"

[[package]]
category = "main"
description = "Low-level, data-driven core of boto 3."
name = "botocore"
optional = false
python-versions = "*"
version = "1.15.28"

[package.dependencies]
docutils = ">=0.10,<0.16"
jmespath = ">=0.7.1,<1.0.0"
python-dateutil = ">=2.1,<3.0.0"

[package.dependencies.urllib3]
python = "<3.4.0 || >=3.5.0"
version = ">=1.20,<1.26"

[[package]]
category = "main"
description = "Python package for providing Mozilla's CA Bundle."
name = "certifi"
optional = false
python-versions = "*"
version = "2019.11.28"

[[package]]
category = "main"
description = "Universal encoding detector for Python 2 and 3"
name = "chardet"
optional = false
python-versions = "*"
version = "3.0.4"

[[package]]
category = "main"
description = "Composable command line interface toolkit"
name = "click"
optional = false
python-versions = ">=2.7, !=3.0.*, !=3.1.*, !=3.2.*, !=3.3.*, !=3.4.*"
version = "7.1.1"

[[package]]
category = "main"
description = "Docutils -- Python Documentation Utilities"
name = "docutils"
optional = false
python-versions = ">=2.6, !=3.0.*, !=3.1.*, !=3.2.*"
version = "0.15.2"

[[package]]
category = "main"
description = "Discover and load entry points from installed packages."
name = "entrypoints"
optional = false
python-versions = ">=2.7"
version = "0.3"

[[package]]
category = "main"
description = "A platform independent file lock."
name = "filelock"
optional = false
python-versions = "*"
version = "3.0.12"

[[package]]
category = "main"
description = "the modular source code checker: pep8, pyflakes and co"
name = "flake8"
optional = false
python-versions = ">=2.7, !=3.0.*, !=3.1.*, !=3.2.*, !=3.3.*"
version = "3.7.9"

[package.dependencies]
entrypoints = ">=0.3.0,<0.4.0"
mccabe = ">=0.6.0,<0.7.0"
pycodestyle = ">=2.5.0,<2.6.0"
pyflakes = ">=2.1.0,<2.2.0"

[[package]]
category = "main"
description = "Internationalized Domain Names in Applications (IDNA)"
name = "idna"
optional = false
python-versions = ">=2.7, !=3.0.*, !=3.1.*, !=3.2.*, !=3.3.*"
version = "2.9"

[[package]]
category = "main"
description = "JSON Matching Expressions"
name = "jmespath"
optional = false
python-versions = "*"
version = "0.9.5"

[[package]]
category = "main"
description = "Lightweight pipelining: using Python functions as pipeline jobs."
name = "joblib"
optional = false
python-versions = "*"
version = "0.14.1"

[[package]]
category = "main"
description = "McCabe checker, plugin for flake8"
name = "mccabe"
optional = false
python-versions = "*"
version = "0.6.1"

[[package]]
category = "main"
description = "NumPy is the fundamental package for array computing with Python."
name = "numpy"
optional = false
python-versions = ">=3.5"
version = "1.18.2"

[[package]]
category = "main"
description = "Python style guide checker"
name = "pycodestyle"
optional = false
python-versions = ">=2.7, !=3.0.*, !=3.1.*, !=3.2.*, !=3.3.*"
version = "2.5.0"

[[package]]
category = "main"
description = "passive checker of Python programs"
name = "pyflakes"
optional = false
python-versions = ">=2.7, !=3.0.*, !=3.1.*, !=3.2.*, !=3.3.*"
version = "2.1.1"

[[package]]
category = "main"
description = "Extensions to the standard Python datetime module"
name = "python-dateutil"
optional = false
python-versions = "!=3.0.*,!=3.1.*,!=3.2.*,>=2.7"
version = "2.8.1"

[package.dependencies]
six = ">=1.5"

[[package]]
category = "main"
description = "Alternative regular expression module, to replace re."
name = "regex"
optional = false
python-versions = "*"
version = "2020.2.20"

[[package]]
category = "main"
description = "Python HTTP for Humans."
name = "requests"
optional = false
python-versions = ">=2.7, !=3.0.*, !=3.1.*, !=3.2.*, !=3.3.*, !=3.4.*"
version = "2.23.0"

[package.dependencies]
certifi = ">=2017.4.17"
chardet = ">=3.0.2,<4"
idna = ">=2.5,<3"
urllib3 = ">=1.21.1,<1.25.0 || >1.25.0,<1.25.1 || >1.25.1,<1.26"

[package.extras]
security = ["pyOpenSSL (>=0.14)", "cryptography (>=1.3.4)"]
socks = ["PySocks (>=1.5.6,<1.5.7 || >1.5.7)", "win-inet-pton"]

[[package]]
category = "main"
description = "An Amazon S3 Transfer Manager"
name = "s3transfer"
optional = false
python-versions = "*"
version = "0.3.3"

[package.dependencies]
botocore = ">=1.12.36,<2.0a.0"

[[package]]
category = "main"
description = "SacreMoses"
name = "sacremoses"
optional = false
python-versions = "*"
version = "0.0.38"

[package.dependencies]
click = "*"
joblib = "*"
regex = "*"
six = "*"
tqdm = "*"

[[package]]
category = "main"
description = "SentencePiece python wrapper"
name = "sentencepiece"
optional = false
python-versions = "*"
version = "0.1.85"

[[package]]
category = "main"
description = "Python 2 and 3 compatibility utilities"
name = "six"
optional = false
python-versions = ">=2.7, !=3.0.*, !=3.1.*, !=3.2.*"
version = "1.14.0"

[[package]]
category = "main"
description = "Fast and Customizable Tokenizers"
name = "tokenizers"
optional = false
python-versions = "*"
version = "0.5.2"

[[package]]
category = "main"
description = "Tensors and Dynamic neural networks in Python with strong GPU acceleration"
name = "torch"
optional = false
python-versions = ">=2.7, !=3.0.*, !=3.1.*, !=3.2.*, !=3.3.*, !=3.4.*"
version = "1.4.0"

[[package]]
category = "main"
description = "Fast, Extensible Progress Meter"
name = "tqdm"
optional = false
python-versions = ">=2.6, !=3.0.*, !=3.1.*"
version = "4.43.0"

[package.extras]
dev = ["py-make (>=0.1.0)", "twine", "argopt", "pydoc-markdown"]

[[package]]
category = "main"
description = "State-of-the-art Natural Language Processing for TensorFlow 2.0 and PyTorch"
name = "transformers"
optional = false
python-versions = ">=3.6.0"
version = "2.6.0"

[package.dependencies]
boto3 = "*"
filelock = "*"
numpy = "*"
regex = "!=2019.12.17"
requests = "*"
sacremoses = "*"
sentencepiece = "*"
tokenizers = "0.5.2"
tqdm = ">=4.27"

[package.extras]
all = ["pydantic", "uvicorn", "fastapi", "starlette", "tensorflow", "torch"]
dev = ["pytest", "pytest-xdist", "black", "isort", "flake8", "mecab-python3", "scikit-learn", "tensorflow", "torch"]
docs = ["recommonmark", "sphinx", "sphinx-markdown-tables", "sphinx-rtd-theme"]
mecab = ["mecab-python3"]
quality = ["black", "isort", "flake8"]
serving = ["pydantic", "uvicorn", "fastapi", "starlette"]
sklearn = ["scikit-learn"]
testing = ["pytest", "pytest-xdist"]
tf = ["tensorflow"]
tf-cpu = ["tensorflow-cpu"]
torch = ["torch"]

[[package]]
category = "main"
description = "HTTP library with thread-safe connection pooling, file post, and more."
name = "urllib3"
optional = false
python-versions = ">=2.7, !=3.0.*, !=3.1.*, !=3.2.*, !=3.3.*, !=3.4.*, <4"
version = "1.25.8"

[package.extras]
brotli = ["brotlipy (>=0.6.0)"]
secure = ["pyOpenSSL (>=0.14)", "cryptography (>=1.3.4)", "idna (>=2.0.0)", "certifi", "ipaddress"]
socks = ["PySocks (>=1.5.6,<1.5.7 || >1.5.7,<2.0)"]

[metadata]
content-hash = "5fa145e0b748d141c8e775b95d18cec9b52d8af74e232c46cc65f0400b0fe319"
python-versions = "^3.7"

[metadata.files]
boto3 = [
    {file = "boto3-1.12.28-py2.py3-none-any.whl", hash = "sha256:af09a4f3254fcf6a781ad1a700f702ce15526a25ebe96a14f5cd2ec46e9d924c"},
    {file = "boto3-1.12.28.tar.gz", hash = "sha256:6f113f02f3098b3e37d24caa726a8e81fbc16f6d5cafbf61b7d285b9f7e104e9"},
]
botocore = [
    {file = "botocore-1.15.28-py2.py3-none-any.whl", hash = "sha256:74f81aca90cdbe084bcfa19589bd2c6470bb47dd1fd9635bf5484ecf7577fd61"},
    {file = "botocore-1.15.28.tar.gz", hash = "sha256:21674f491f6bdc886179de644d00dec05276fac292117f86685513006d83fe0a"},
]
certifi = [
    {file = "certifi-2019.11.28-py2.py3-none-any.whl", hash = "sha256:017c25db2a153ce562900032d5bc68e9f191e44e9a0f762f373977de9df1fbb3"},
    {file = "certifi-2019.11.28.tar.gz", hash = "sha256:25b64c7da4cd7479594d035c08c2d809eb4aab3a26e5a990ea98cc450c320f1f"},
]
chardet = [
    {file = "chardet-3.0.4-py2.py3-none-any.whl", hash = "sha256:fc323ffcaeaed0e0a02bf4d117757b98aed530d9ed4531e3e15460124c106691"},
    {file = "chardet-3.0.4.tar.gz", hash = "sha256:84ab92ed1c4d4f16916e05906b6b75a6c0fb5db821cc65e70cbd64a3e2a5eaae"},
]
click = [
    {file = "click-7.1.1-py2.py3-none-any.whl", hash = "sha256:e345d143d80bf5ee7534056164e5e112ea5e22716bbb1ce727941f4c8b471b9a"},
    {file = "click-7.1.1.tar.gz", hash = "sha256:8a18b4ea89d8820c5d0c7da8a64b2c324b4dabb695804dbfea19b9be9d88c0cc"},
]
docutils = [
    {file = "docutils-0.15.2-py2-none-any.whl", hash = "sha256:9e4d7ecfc600058e07ba661411a2b7de2fd0fafa17d1a7f7361cd47b1175c827"},
    {file = "docutils-0.15.2-py3-none-any.whl", hash = "sha256:6c4f696463b79f1fb8ba0c594b63840ebd41f059e92b31957c46b74a4599b6d0"},
    {file = "docutils-0.15.2.tar.gz", hash = "sha256:a2aeea129088da402665e92e0b25b04b073c04b2dce4ab65caaa38b7ce2e1a99"},
]
entrypoints = [
    {file = "entrypoints-0.3-py2.py3-none-any.whl", hash = "sha256:589f874b313739ad35be6e0cd7efde2a4e9b6fea91edcc34e58ecbb8dbe56d19"},
    {file = "entrypoints-0.3.tar.gz", hash = "sha256:c70dd71abe5a8c85e55e12c19bd91ccfeec11a6e99044204511f9ed547d48451"},
]
filelock = [
    {file = "filelock-3.0.12-py3-none-any.whl", hash = "sha256:929b7d63ec5b7d6b71b0fa5ac14e030b3f70b75747cef1b10da9b879fef15836"},
    {file = "filelock-3.0.12.tar.gz", hash = "sha256:18d82244ee114f543149c66a6e0c14e9c4f8a1044b5cdaadd0f82159d6a6ff59"},
]
flake8 = [
    {file = "flake8-3.7.9-py2.py3-none-any.whl", hash = "sha256:49356e766643ad15072a789a20915d3c91dc89fd313ccd71802303fd67e4deca"},
    {file = "flake8-3.7.9.tar.gz", hash = "sha256:45681a117ecc81e870cbf1262835ae4af5e7a8b08e40b944a8a6e6b895914cfb"},
]
idna = [
    {file = "idna-2.9-py2.py3-none-any.whl", hash = "sha256:a068a21ceac8a4d63dbfd964670474107f541babbd2250d61922f029858365fa"},
    {file = "idna-2.9.tar.gz", hash = "sha256:7588d1c14ae4c77d74036e8c22ff447b26d0fde8f007354fd48a7814db15b7cb"},
]
jmespath = [
    {file = "jmespath-0.9.5-py2.py3-none-any.whl", hash = "sha256:695cb76fa78a10663425d5b73ddc5714eb711157e52704d69be03b1a02ba4fec"},
    {file = "jmespath-0.9.5.tar.gz", hash = "sha256:cca55c8d153173e21baa59983015ad0daf603f9cb799904ff057bfb8ff8dc2d9"},
]
joblib = [
    {file = "joblib-0.14.1-py2.py3-none-any.whl", hash = "sha256:bdb4fd9b72915ffb49fde2229ce482dd7ae79d842ed8c2b4c932441495af1403"},
    {file = "joblib-0.14.1.tar.gz", hash = "sha256:0630eea4f5664c463f23fbf5dcfc54a2bc6168902719fa8e19daf033022786c8"},
]
mccabe = [
    {file = "mccabe-0.6.1-py2.py3-none-any.whl", hash = "sha256:ab8a6258860da4b6677da4bd2fe5dc2c659cff31b3ee4f7f5d64e79735b80d42"},
    {file = "mccabe-0.6.1.tar.gz", hash = "sha256:dd8d182285a0fe56bace7f45b5e7d1a6ebcbf524e8f3bd87eb0f125271b8831f"},
]
numpy = [
    {file = "numpy-1.18.2-cp35-cp35m-macosx_10_9_x86_64.whl", hash = "sha256:a1baa1dc8ecd88fb2d2a651671a84b9938461e8a8eed13e2f0a812a94084d1fa"},
    {file = "numpy-1.18.2-cp35-cp35m-manylinux1_i686.whl", hash = "sha256:a244f7af80dacf21054386539699ce29bcc64796ed9850c99a34b41305630286"},
    {file = "numpy-1.18.2-cp35-cp35m-manylinux1_x86_64.whl", hash = "sha256:6fcc5a3990e269f86d388f165a089259893851437b904f422d301cdce4ff25c8"},
    {file = "numpy-1.18.2-cp35-cp35m-win32.whl", hash = "sha256:b5ad0adb51b2dee7d0ee75a69e9871e2ddfb061c73ea8bc439376298141f77f5"},
    {file = "numpy-1.18.2-cp35-cp35m-win_amd64.whl", hash = "sha256:87902e5c03355335fc5992a74ba0247a70d937f326d852fc613b7f53516c0963"},
    {file = "numpy-1.18.2-cp36-cp36m-macosx_10_9_x86_64.whl", hash = "sha256:9ab21d1cb156a620d3999dd92f7d1c86824c622873841d6b080ca5495fa10fef"},
    {file = "numpy-1.18.2-cp36-cp36m-manylinux1_i686.whl", hash = "sha256:cdb3a70285e8220875e4d2bc394e49b4988bdb1298ffa4e0bd81b2f613be397c"},
    {file = "numpy-1.18.2-cp36-cp36m-manylinux1_x86_64.whl", hash = "sha256:6d205249a0293e62bbb3898c4c2e1ff8a22f98375a34775a259a0523111a8f6c"},
    {file = "numpy-1.18.2-cp36-cp36m-win32.whl", hash = "sha256:a35af656a7ba1d3decdd4fae5322b87277de8ac98b7d9da657d9e212ece76a61"},
    {file = "numpy-1.18.2-cp36-cp36m-win_amd64.whl", hash = "sha256:1598a6de323508cfeed6b7cd6c4efb43324f4692e20d1f76e1feec7f59013448"},
    {file = "numpy-1.18.2-cp37-cp37m-macosx_10_9_x86_64.whl", hash = "sha256:deb529c40c3f1e38d53d5ae6cd077c21f1d49e13afc7936f7f868455e16b64a0"},
    {file = "numpy-1.18.2-cp37-cp37m-manylinux1_i686.whl", hash = "sha256:cd77d58fb2acf57c1d1ee2835567cd70e6f1835e32090538f17f8a3a99e5e34b"},
    {file = "numpy-1.18.2-cp37-cp37m-manylinux1_x86_64.whl", hash = "sha256:b1fe1a6f3a6f355f6c29789b5927f8bd4f134a4bd9a781099a7c4f66af8850f5"},
    {file = "numpy-1.18.2-cp37-cp37m-win32.whl", hash = "sha256:2e40be731ad618cb4974d5ba60d373cdf4f1b8dcbf1dcf4d9dff5e212baf69c5"},
    {file = "numpy-1.18.2-cp37-cp37m-win_amd64.whl", hash = "sha256:4ba59db1fcc27ea31368af524dcf874d9277f21fd2e1f7f1e2e0c75ee61419ed"},
    {file = "numpy-1.18.2-cp38-cp38-macosx_10_9_x86_64.whl", hash = "sha256:59ca9c6592da581a03d42cc4e270732552243dc45e87248aa8d636d53812f6a5"},
    {file = "numpy-1.18.2-cp38-cp38-manylinux1_i686.whl", hash = "sha256:1b0ece94018ae21163d1f651b527156e1f03943b986188dd81bc7e066eae9d1c"},
    {file = "numpy-1.18.2-cp38-cp38-manylinux1_x86_64.whl", hash = "sha256:82847f2765835c8e5308f136bc34018d09b49037ec23ecc42b246424c767056b"},
    {file = "numpy-1.18.2-cp38-cp38-win32.whl", hash = "sha256:5e0feb76849ca3e83dd396254e47c7dba65b3fa9ed3df67c2556293ae3e16de3"},
    {file = "numpy-1.18.2-cp38-cp38-win_amd64.whl", hash = "sha256:ba3c7a2814ec8a176bb71f91478293d633c08582119e713a0c5351c0f77698da"},
    {file = "numpy-1.18.2.zip", hash = "sha256:e7894793e6e8540dbeac77c87b489e331947813511108ae097f1715c018b8f3d"},
]
pycodestyle = [
    {file = "pycodestyle-2.5.0-py2.py3-none-any.whl", hash = "sha256:95a2219d12372f05704562a14ec30bc76b05a5b297b21a5dfe3f6fac3491ae56"},
    {file = "pycodestyle-2.5.0.tar.gz", hash = "sha256:e40a936c9a450ad81df37f549d676d127b1b66000a6c500caa2b085bc0ca976c"},
]
pyflakes = [
    {file = "pyflakes-2.1.1-py2.py3-none-any.whl", hash = "sha256:17dbeb2e3f4d772725c777fabc446d5634d1038f234e77343108ce445ea69ce0"},
    {file = "pyflakes-2.1.1.tar.gz", hash = "sha256:d976835886f8c5b31d47970ed689944a0262b5f3afa00a5a7b4dc81e5449f8a2"},
]
python-dateutil = [
    {file = "python-dateutil-2.8.1.tar.gz", hash = "sha256:73ebfe9dbf22e832286dafa60473e4cd239f8592f699aa5adaf10050e6e1823c"},
    {file = "python_dateutil-2.8.1-py2.py3-none-any.whl", hash = "sha256:75bb3f31ea686f1197762692a9ee6a7550b59fc6ca3a1f4b5d7e32fb98e2da2a"},
]
regex = [
    {file = "regex-2020.2.20-cp27-cp27m-win32.whl", hash = "sha256:99272d6b6a68c7ae4391908fc15f6b8c9a6c345a46b632d7fdb7ef6c883a2bbb"},
    {file = "regex-2020.2.20-cp27-cp27m-win_amd64.whl", hash = "sha256:974535648f31c2b712a6b2595969f8ab370834080e00ab24e5dbb9d19b8bfb74"},
    {file = "regex-2020.2.20-cp36-cp36m-manylinux1_i686.whl", hash = "sha256:5de40649d4f88a15c9489ed37f88f053c15400257eeb18425ac7ed0a4e119400"},
    {file = "regex-2020.2.20-cp36-cp36m-manylinux1_x86_64.whl", hash = "sha256:82469a0c1330a4beb3d42568f82dffa32226ced006e0b063719468dcd40ffdf0"},
    {file = "regex-2020.2.20-cp36-cp36m-manylinux2010_i686.whl", hash = "sha256:d58a4fa7910102500722defbde6e2816b0372a4fcc85c7e239323767c74f5cbc"},
    {file = "regex-2020.2.20-cp36-cp36m-manylinux2010_x86_64.whl", hash = "sha256:f1ac2dc65105a53c1c2d72b1d3e98c2464a133b4067a51a3d2477b28449709a0"},
    {file = "regex-2020.2.20-cp36-cp36m-win32.whl", hash = "sha256:8c2b7fa4d72781577ac45ab658da44c7518e6d96e2a50d04ecb0fd8f28b21d69"},
    {file = "regex-2020.2.20-cp36-cp36m-win_amd64.whl", hash = "sha256:269f0c5ff23639316b29f31df199f401e4cb87529eafff0c76828071635d417b"},
    {file = "regex-2020.2.20-cp37-cp37m-manylinux1_i686.whl", hash = "sha256:bed7986547ce54d230fd8721aba6fd19459cdc6d315497b98686d0416efaff4e"},
    {file = "regex-2020.2.20-cp37-cp37m-manylinux1_x86_64.whl", hash = "sha256:046e83a8b160aff37e7034139a336b660b01dbfe58706f9d73f5cdc6b3460242"},
    {file = "regex-2020.2.20-cp37-cp37m-manylinux2010_i686.whl", hash = "sha256:b33ebcd0222c1d77e61dbcd04a9fd139359bded86803063d3d2d197b796c63ce"},
    {file = "regex-2020.2.20-cp37-cp37m-manylinux2010_x86_64.whl", hash = "sha256:bba52d72e16a554d1894a0cc74041da50eea99a8483e591a9edf1025a66843ab"},
    {file = "regex-2020.2.20-cp37-cp37m-win32.whl", hash = "sha256:01b2d70cbaed11f72e57c1cfbaca71b02e3b98f739ce33f5f26f71859ad90431"},
    {file = "regex-2020.2.20-cp37-cp37m-win_amd64.whl", hash = "sha256:113309e819634f499d0006f6200700c8209a2a8bf6bd1bdc863a4d9d6776a5d1"},
    {file = "regex-2020.2.20-cp38-cp38-manylinux1_i686.whl", hash = "sha256:25f4ce26b68425b80a233ce7b6218743c71cf7297dbe02feab1d711a2bf90045"},
    {file = "regex-2020.2.20-cp38-cp38-manylinux1_x86_64.whl", hash = "sha256:9b64a4cc825ec4df262050c17e18f60252cdd94742b4ba1286bcfe481f1c0f26"},
    {file = "regex-2020.2.20-cp38-cp38-manylinux2010_i686.whl", hash = "sha256:9ff16d994309b26a1cdf666a6309c1ef51ad4f72f99d3392bcd7b7139577a1f2"},
    {file = "regex-2020.2.20-cp38-cp38-manylinux2010_x86_64.whl", hash = "sha256:c7f58a0e0e13fb44623b65b01052dae8e820ed9b8b654bb6296bc9c41f571b70"},
    {file = "regex-2020.2.20-cp38-cp38-win32.whl", hash = "sha256:200539b5124bc4721247a823a47d116a7a23e62cc6695744e3eb5454a8888e6d"},
    {file = "regex-2020.2.20-cp38-cp38-win_amd64.whl", hash = "sha256:7f78f963e62a61e294adb6ff5db901b629ef78cb2a1cfce3cf4eeba80c1c67aa"},
    {file = "regex-2020.2.20.tar.gz", hash = "sha256:9e9624440d754733eddbcd4614378c18713d2d9d0dc647cf9c72f64e39671be5"},
]
requests = [
    {file = "requests-2.23.0-py2.py3-none-any.whl", hash = "sha256:43999036bfa82904b6af1d99e4882b560e5e2c68e5c4b0aa03b655f3d7d73fee"},
    {file = "requests-2.23.0.tar.gz", hash = "sha256:b3f43d496c6daba4493e7c431722aeb7dbc6288f52a6e04e7b6023b0247817e6"},
]
s3transfer = [
    {file = "s3transfer-0.3.3-py2.py3-none-any.whl", hash = "sha256:2482b4259524933a022d59da830f51bd746db62f047d6eb213f2f8855dcb8a13"},
    {file = "s3transfer-0.3.3.tar.gz", hash = "sha256:921a37e2aefc64145e7b73d50c71bb4f26f46e4c9f414dc648c6245ff92cf7db"},
]
sacremoses = [
    {file = "sacremoses-0.0.38.tar.gz", hash = "sha256:34dcfaacf9fa34a6353424431f0e4fcc60e8ebb27ffee320d57396690b712a3b"},
]
sentencepiece = [
    {file = "sentencepiece-0.1.85-cp27-cp27m-macosx_10_6_x86_64.whl", hash = "sha256:0f72c4151791de7242e7184a9b7ef12503cef42e9a5a0c1b3510f2c68874e810"},
    {file = "sentencepiece-0.1.85-cp27-cp27m-manylinux1_i686.whl", hash = "sha256:97b8ee26892d236b2620af8ddae11713fbbb2dae9adf4ad5e988e5a82ce50a90"},
    {file = "sentencepiece-0.1.85-cp27-cp27m-manylinux1_x86_64.whl", hash = "sha256:3d5a2163deea95271ce8e38dfd0c3c924bea92aaf63bdda69b5458628dacc8bd"},
    {file = "sentencepiece-0.1.85-cp27-cp27mu-manylinux1_i686.whl", hash = "sha256:2a72d4c3d0dbb1e099ddd2dc6b724376d3d7ff77ba494756b894254485bec4b4"},
    {file = "sentencepiece-0.1.85-cp27-cp27mu-manylinux1_x86_64.whl", hash = "sha256:c00387970360ec0369b5e7c75f3977fb14330df75465200c13bafb7a632d2e6b"},
    {file = "sentencepiece-0.1.85-cp34-cp34m-macosx_10_6_x86_64.whl", hash = "sha256:0ad221ea7914d65f57d3e3af7ae48852b5035166493312b5025367585b43ac41"},
    {file = "sentencepiece-0.1.85-cp34-cp34m-manylinux1_i686.whl", hash = "sha256:0a98ec863e541304df23a37787033001b62cb089f4ed9307911791d7e210c0b1"},
    {file = "sentencepiece-0.1.85-cp34-cp34m-manylinux1_x86_64.whl", hash = "sha256:fe115aee209197839b2a357e34523e23768d553e8a69eac2b558499ccda56f80"},
    {file = "sentencepiece-0.1.85-cp35-cp35m-macosx_10_6_x86_64.whl", hash = "sha256:4e36a92558ad9e2f91b311c5bcea90b7a63c567c0e7e20da44d6a6f01031b57e"},
    {file = "sentencepiece-0.1.85-cp35-cp35m-manylinux1_i686.whl", hash = "sha256:76fdce3e7e614e24b35167c22c9c388e0c843be53d99afb5e1f25f6bfe04e228"},
    {file = "sentencepiece-0.1.85-cp35-cp35m-manylinux1_x86_64.whl", hash = "sha256:c23fb7bb949934998375d41dbe54d4df1778a3b9dcb24bc2ddaaa595819ed1da"},
    {file = "sentencepiece-0.1.85-cp36-cp36m-macosx_10_6_x86_64.whl", hash = "sha256:3f3dee204635c33ca2e450e17ee9e0e92f114a47f853c2e44e7f0f0ab444d8d0"},
    {file = "sentencepiece-0.1.85-cp36-cp36m-manylinux1_i686.whl", hash = "sha256:4dcea889af53f669dc39d1ca870c37c52bb3110fcd96a2e7330d288400958281"},
    {file = "sentencepiece-0.1.85-cp36-cp36m-manylinux1_x86_64.whl", hash = "sha256:ffdf51218a3d7e0dad79bdffd21ad15a23cbb9c572d2300c3295c6efc6c2357e"},
    {file = "sentencepiece-0.1.85-cp36-cp36m-win32.whl", hash = "sha256:b3b6fe02af7ea4823c19e0d8efddc10ff59b8449bc1ae9921f9dd8ad33802c33"},
    {file = "sentencepiece-0.1.85-cp36-cp36m-win_amd64.whl", hash = "sha256:b416f514fff8785a1113e6c07f696e52967fc979d6cd946e454a8660cca72ef8"},
    {file = "sentencepiece-0.1.85-cp37-cp37m-macosx_10_6_x86_64.whl", hash = "sha256:fba83bef6c7a7899cd811d9b1195e748722eb2a9737c3f3890160f0e01e3ad08"},
    {file = "sentencepiece-0.1.85-cp37-cp37m-manylinux1_i686.whl", hash = "sha256:39904713b81869db10de53fe8b3719f35acf77f49351f28ceaad0d360f2f6305"},
    {file = "sentencepiece-0.1.85-cp37-cp37m-manylinux1_x86_64.whl", hash = "sha256:576bf820eb963e6f275d4005ed5334fbed59eb54bed508e5cae6d16c7179710f"},
    {file = "sentencepiece-0.1.85-cp37-cp37m-win32.whl", hash = "sha256:30791ce80a557339e17f1290c68dccd3f661612fdc6b689b4e4f21d805b64952"},
    {file = "sentencepiece-0.1.85-cp37-cp37m-win_amd64.whl", hash = "sha256:bf0bad6ba01ace3e938ffdf05c42b24d8fd3740487ba865504795a0bb9b1f2b3"},
    {file = "sentencepiece-0.1.85-cp38-cp38-manylinux1_i686.whl", hash = "sha256:dfdcf48678656592b11d11e2102c52c38122e309f7a1a5272305d397cfe21ce0"},
    {file = "sentencepiece-0.1.85-cp38-cp38-manylinux1_x86_64.whl", hash = "sha256:6d2bbdbf296d96304c6345675749981bb17dcf2a7163d2fec38f70a704b75669"},
    {file = "sentencepiece-0.1.85-cp38-cp38-win32.whl", hash = "sha256:fb69c5ba325b900cf2b91f517b46eec8ce3c50995955e293b46681d832021c0e"},
    {file = "sentencepiece-0.1.85-cp38-cp38-win_amd64.whl", hash = "sha256:22fe7d92203fadbb6a0dc7d767430d37cdf3a9da4a0f2c5302c7bf294f7bfd8f"},
]
six = [
    {file = "six-1.14.0-py2.py3-none-any.whl", hash = "sha256:8f3cd2e254d8f793e7f3d6d9df77b92252b52637291d0f0da013c76ea2724b6c"},
    {file = "six-1.14.0.tar.gz", hash = "sha256:236bdbdce46e6e6a3d61a337c0f8b763ca1e8717c03b369e87a7ec7ce1319c0a"},
]
tokenizers = [
    {file = "tokenizers-0.5.2-cp35-cp35m-macosx_10_15_x86_64.whl", hash = "sha256:986d3502c794ffdee17acd18e6b002c9d8c7636a00c81277309202a3ad3fd778"},
    {file = "tokenizers-0.5.2-cp35-cp35m-manylinux1_x86_64.whl", hash = "sha256:3090b03f192b4b8e18d43cae8d3ea8612f38b4d3d314553e0153f0662cac47c5"},
    {file = "tokenizers-0.5.2-cp35-cp35m-win_amd64.whl", hash = "sha256:6b27efdc51a225967e5237ca5c38c1bb7730e9904f666d0346df3a580f62fb54"},
    {file = "tokenizers-0.5.2-cp36-cp36m-macosx_10_15_x86_64.whl", hash = "sha256:28551ed0b445e307c30f83ebaa181016f915ee12d2c037df00303128364bbc2b"},
    {file = "tokenizers-0.5.2-cp36-cp36m-manylinux1_x86_64.whl", hash = "sha256:eea450fa68c4e7309f6cfd105b77d3f2f8c8c7c90e121abc7399cfbce5c650da"},
    {file = "tokenizers-0.5.2-cp36-cp36m-win_amd64.whl", hash = "sha256:3e157fc74fd280183922684d7fc8fb8a22f7a09958132feefbdd4cc5f3d4cded"},
    {file = "tokenizers-0.5.2-cp37-cp37m-macosx_10_15_x86_64.whl", hash = "sha256:7d9752cbc4d8276758b25f52a3ac25df7bbd3b8948df3f753470c9de2aa31ff0"},
    {file = "tokenizers-0.5.2-cp37-cp37m-manylinux1_x86_64.whl", hash = "sha256:3c6a3123253d4150c69a3a5288f994b9384b4df2c8b0ae2be3adb47a2570f390"},
    {file = "tokenizers-0.5.2-cp37-cp37m-win_amd64.whl", hash = "sha256:f131788f76d4ceef2abc25c245b42807efc059753f7f76b32cbc6ead8a4c80f0"},
    {file = "tokenizers-0.5.2-cp38-cp38-macosx_10_15_x86_64.whl", hash = "sha256:f51f774cf5f1c991490cd7580b411f67e62586e91ee0bfe51a8338850511cced"},
    {file = "tokenizers-0.5.2-cp38-cp38-manylinux1_x86_64.whl", hash = "sha256:423cfe1ee552a75e3a52584c935494e1895e5d2632e07a87d795869162327255"},
    {file = "tokenizers-0.5.2-cp38-cp38-win_amd64.whl", hash = "sha256:e9fa4c6002478131b58255e5337512f8a5630c0f52b14f6d6905c8ac37b47a72"},
    {file = "tokenizers-0.5.2.tar.gz", hash = "sha256:b5a235f9c71d04d4925df6c4fa13b13f1d03f9b7ac302b89f8120790c4f742bc"},
]
torch = [
    {file = "torch-1.4.0-cp27-cp27m-manylinux1_x86_64.whl", hash = "sha256:271d4d1e44df6ed57c530f8849b028447c62b8a19b8e8740dd9baa56e7f682c1"},
    {file = "torch-1.4.0-cp27-cp27mu-manylinux1_x86_64.whl", hash = "sha256:6f2fd9eb8c7eaf38a982ab266dbbfba0f29fb643bc74e677d045d6f2595e4692"},
    {file = "torch-1.4.0-cp27-none-macosx_10_7_x86_64.whl", hash = "sha256:30ce089475b287a37d6fbb8d71853e672edaf66699e3dd2eb19be6ce6296732a"},
    {file = "torch-1.4.0-cp35-cp35m-manylinux1_x86_64.whl", hash = "sha256:54d06a0e8ee85e5a437c24f4af9f4196c819294c23ffb5914e177756f55f1829"},
    {file = "torch-1.4.0-cp35-none-macosx_10_6_x86_64.whl", hash = "sha256:bb1e87063661414e1149bef2e3a2499ce0b5060290799d7e26bc5578037075ba"},
    {file = "torch-1.4.0-cp36-cp36m-manylinux1_x86_64.whl", hash = "sha256:8856f334aa9ecb742c1504bd2563d0ffb8dceb97149c8d72a04afa357f667dbc"},
    {file = "torch-1.4.0-cp36-none-macosx_10_9_x86_64.whl", hash = "sha256:9a1b1db73d8dcfd94b2eee24b939368742aa85f1217c55b8f5681e76c581e99a"},
    {file = "torch-1.4.0-cp37-cp37m-manylinux1_x86_64.whl", hash = "sha256:8fff03bf7b474c16e4b50da65ea14200cc64553b67b9b2307f9dc7e8c69b9d28"},
    {file = "torch-1.4.0-cp37-none-macosx_10_9_x86_64.whl", hash = "sha256:405b9eb40e44037d2525b3ddb5bc4c66b519cd742bff249d4207d23f83e88ea5"},
    {file = "torch-1.4.0-cp38-cp38-manylinux1_x86_64.whl", hash = "sha256:504915c6bc6051ba6a4c2a43c446463dff04411e352f1e26fe13debeae431778"},
    {file = "torch-1.4.0-cp38-none-macosx_10_9_x86_64.whl", hash = "sha256:d7b34a78f021935ad727a3bede56a8a8d4fda0b0272314a04c5f6890bbe7bb29"},
]
tqdm = [
    {file = "tqdm-4.43.0-py2.py3-none-any.whl", hash = "sha256:0d8b5afb66e23d80433102e9bd8b5c8b65d34c2a2255b2de58d97bd2ea8170fd"},
    {file = "tqdm-4.43.0.tar.gz", hash = "sha256:f35fb121bafa030bd94e74fcfd44f3c2830039a2ddef7fc87ef1c2d205237b24"},
]
transformers = [
    {file = "transformers-2.6.0-py3-none-any.whl", hash = "sha256:00bbe94c7768198aeec9ea32163cdd8f891202bb9d4a8a65a64839b71c8a780e"},
    {file = "transformers-2.6.0.tar.gz", hash = "sha256:9d268e73ead5d8a12052003aefc8747949a6f85addc1f5735c1423b0b101e6db"},
]
urllib3 = [
    {file = "urllib3-1.25.8-py2.py3-none-any.whl", hash = "sha256:2f3db8b19923a873b3e5256dc9c2dedfa883e33d87c690d9c7913e1f40673cdc"},
    {file = "urllib3-1.25.8.tar.gz", hash = "sha256:87716c2d2a7121198ebcb7ce7cccf6ce5e9ba539041cfbaeecfb641dc0bf6acc"},
]
